
Microsoft Visual Studio Solution File, Format Version 12.00
# Visual Studio 15
VisualStudioVersion = 15.0.28307.271
MinimumVisualStudioVersion = 10.0.40219.1
Project("{FAE04EC0-301F-11D3-BF4B-00C04F79EFBC}") = "Warehouse", "Warehouse\Warehouse.csproj", "{BAC39112-AC86-4868-84E1-36E37824AB87}"
EndProject
Global
	GlobalSection(SolutionConfigurationPlatforms) = preSolution
		Debug|Any CPU = Debug|Any CPU
		Release|Any CPU = Release|Any CPU
	EndGlobalSection
	GlobalSection(ProjectConfigurationPlatforms) = postSolution
		{BAC39112-AC86-4868-84E1-36E37824AB87}.Debug|Any CPU.ActiveCfg = Debug|Any CPU
		{BAC39112-AC86-4868-84E1-36E37824AB87}.Debug|Any CPU.Build.0 = Debug|Any CPU
		{BAC39112-AC86-4868-84E1-36E37824AB87}.Release|Any CPU.ActiveCfg = Release|Any CPU
		{BAC39112-AC86-4868-84E1-36E37824AB87}.Release|Any CPU.Build.0 = Release|Any CPU
	EndGlobalSection
	GlobalSection(SolutionProperties) = preSolution
		HideSolutionNode = FALSE
	EndGlobalSection
	GlobalSection(ExtensibilityGlobals) = postSolution
		SolutionGuid = {C54E47DD-853C-4A17-B76B-F3DC455860D0}
	EndGlobalSection
EndGlobal
